
Microsoft Visual Studio Solution File, Format Version 12.00
# Visual Studio Version 17
VisualStudioVersion = 17.0.31903.59
MinimumVisualStudioVersion = 10.0.40219.1
Project("{FAE04EC0-301F-11D3-BF4B-00C04F79EFBC}") = "nSNMP", "nSNMP\nSNMP.csproj", "{8EFB8716-4595-4AC3-8AB4-7D231BEAF9ED}"
EndProject
Project("{FAE04EC0-301F-11D3-BF4B-00C04F79EFBC}") = "nSNMP.SMI", "nSNMP.SMI\nSNMP.SMI.csproj", "{D0D1AD84-481E-4005-808D-CEE828FEC400}"
EndProject
Project("{2150E333-8FDC-42A3-9474-1A3956D46DE8}") = "nMIB", "nMIB", "{1970950A-26ED-61B3-631F-AB926C02EC8A}"
EndProject
Project("{FAE04EC0-301F-11D3-BF4B-00C04F79EFBC}") = "nSNMP.MIB", "nMIB\nSNMP.MIB.csproj", "{1CD7C750-143B-4BDC-90DE-4E9764DD61CC}"
EndProject
Project("{FAE04EC0-301F-11D3-BF4B-00C04F79EFBC}") = "nSNMP.Tests", "nSNMP.Tests\nSNMP.Tests.csproj", "{4F158D3A-CBE2-4069-813D-5B36D1278923}"
EndProject
Global
	GlobalSection(SolutionConfigurationPlatforms) = preSolution
		Debug|Any CPU = Debug|Any CPU
		Debug|x64 = Debug|x64
		Debug|x86 = Debug|x86
		Release|Any CPU = Release|Any CPU
		Release|x64 = Release|x64
		Release|x86 = Release|x86
	EndGlobalSection
	GlobalSection(ProjectConfigurationPlatforms) = postSolution
		{8EFB8716-4595-4AC3-8AB4-7D231BEAF9ED}.Debug|Any CPU.ActiveCfg = Debug|Any CPU
		{8EFB8716-4595-4AC3-8AB4-7D231BEAF9ED}.Debug|Any CPU.Build.0 = Debug|Any CPU
		{8EFB8716-4595-4AC3-8AB4-7D231BEAF9ED}.Debug|x64.ActiveCfg = Debug|Any CPU
		{8EFB8716-4595-4AC3-8AB4-7D231BEAF9ED}.Debug|x64.Build.0 = Debug|Any CPU
		{8EFB8716-4595-4AC3-8AB4-7D231BEAF9ED}.Debug|x86.ActiveCfg = Debug|Any CPU
		{8EFB8716-4595-4AC3-8AB4-7D231BEAF9ED}.Debug|x86.Build.0 = Debug|Any CPU
		{8EFB8716-4595-4AC3-8AB4-7D231BEAF9ED}.Release|Any CPU.ActiveCfg = Release|Any CPU
		{8EFB8716-4595-4AC3-8AB4-7D231BEAF9ED}.Release|Any CPU.Build.0 = Release|Any CPU
		{8EFB8716-4595-4AC3-8AB4-7D231BEAF9ED}.Release|x64.ActiveCfg = Release|Any CPU
		{8EFB8716-4595-4AC3-8AB4-7D231BEAF9ED}.Release|x64.Build.0 = Release|Any CPU
		{8EFB8716-4595-4AC3-8AB4-7D231BEAF9ED}.Release|x86.ActiveCfg = Release|Any CPU
		{8EFB8716-4595-4AC3-8AB4-7D231BEAF9ED}.Release|x86.Build.0 = Release|Any CPU
		{D0D1AD84-481E-4005-808D-CEE828FEC400}.Debug|Any CPU.ActiveCfg = Debug|Any CPU
		{D0D1AD84-481E-4005-808D-CEE828FEC400}.Debug|Any CPU.Build.0 = Debug|Any CPU
		{D0D1AD84-481E-4005-808D-CEE828FEC400}.Debug|x64.ActiveCfg = Debug|Any CPU
		{D0D1AD84-481E-4005-808D-CEE828FEC400}.Debug|x64.Build.0 = Debug|Any CPU
		{D0D1AD84-481E-4005-808D-CEE828FEC400}.Debug|x86.ActiveCfg = Debug|Any CPU
		{D0D1AD84-481E-4005-808D-CEE828FEC400}.Debug|x86.Build.0 = Debug|Any CPU
		{D0D1AD84-481E-4005-808D-CEE828FEC400}.Release|Any CPU.ActiveCfg = Release|Any CPU
		{D0D1AD84-481E-4005-808D-CEE828FEC400}.Release|Any CPU.Build.0 = Release|Any CPU
		{D0D1AD84-481E-4005-808D-CEE828FEC400}.Release|x64.ActiveCfg = Release|Any CPU
		{D0D1AD84-481E-4005-808D-CEE828FEC400}.Release|x64.Build.0 = Release|Any CPU
		{D0D1AD84-481E-4005-808D-CEE828FEC400}.Release|x86.ActiveCfg = Release|Any CPU
		{D0D1AD84-481E-4005-808D-CEE828FEC400}.Release|x86.Build.0 = Release|Any CPU
		{1CD7C750-143B-4BDC-90DE-4E9764DD61CC}.Debug|Any CPU.ActiveCfg = Debug|Any CPU
		{1CD7C750-143B-4BDC-90DE-4E9764DD61CC}.Debug|Any CPU.Build.0 = Debug|Any CPU
		{1CD7C750-143B-4BDC-90DE-4E9764DD61CC}.Debug|x64.ActiveCfg = Debug|Any CPU
		{1CD7C750-143B-4BDC-90DE-4E9764DD61CC}.Debug|x64.Build.0 = Debug|Any CPU
		{1CD7C750-143B-4BDC-90DE-4E9764DD61CC}.Debug|x86.ActiveCfg = Debug|Any CPU
		{1CD7C750-143B-4BDC-90DE-4E9764DD61CC}.Debug|x86.Build.0 = Debug|Any CPU
		{1CD7C750-143B-4BDC-90DE-4E9764DD61CC}.Release|Any CPU.ActiveCfg = Release|Any CPU
		{1CD7C750-143B-4BDC-90DE-4E9764DD61CC}.Release|Any CPU.Build.0 = Release|Any CPU
		{1CD7C750-143B-4BDC-90DE-4E9764DD61CC}.Release|x64.ActiveCfg = Release|Any CPU
		{1CD7C750-143B-4BDC-90DE-4E9764DD61CC}.Release|x64.Build.0 = Release|Any CPU
		{1CD7C750-143B-4BDC-90DE-4E9764DD61CC}.Release|x86.ActiveCfg = Release|Any CPU
		{1CD7C750-143B-4BDC-90DE-4E9764DD61CC}.Release|x86.Build.0 = Release|Any CPU
		{4F158D3A-CBE2-4069-813D-5B36D1278923}.Debug|Any CPU.ActiveCfg = Debug|Any CPU
		{4F158D3A-CBE2-4069-813D-5B36D1278923}.Debug|Any CPU.Build.0 = Debug|Any CPU
		{4F158D3A-CBE2-4069-813D-5B36D1278923}.Debug|x64.ActiveCfg = Debug|Any CPU
		{4F158D3A-CBE2-4069-813D-5B36D1278923}.Debug|x64.Build.0 = Debug|Any CPU
		{4F158D3A-CBE2-4069-813D-5B36D1278923}.Debug|x86.ActiveCfg = Debug|Any CPU
		{4F158D3A-CBE2-4069-813D-5B36D1278923}.Debug|x86.Build.0 = Debug|Any CPU
		{4F158D3A-CBE2-4069-813D-5B36D1278923}.Release|Any CPU.ActiveCfg = Release|Any CPU
		{4F158D3A-CBE2-4069-813D-5B36D1278923}.Release|Any CPU.Build.0 = Release|Any CPU
		{4F158D3A-CBE2-4069-813D-5B36D1278923}.Release|x64.ActiveCfg = Release|Any CPU
		{4F158D3A-CBE2-4069-813D-5B36D1278923}.Release|x64.Build.0 = Release|Any CPU
		{4F158D3A-CBE2-4069-813D-5B36D1278923}.Release|x86.ActiveCfg = Release|Any CPU
		{4F158D3A-CBE2-4069-813D-5B36D1278923}.Release|x86.Build.0 = Release|Any CPU
	EndGlobalSection
	GlobalSection(SolutionProperties) = preSolution
		HideSolutionNode = FALSE
	EndGlobalSection
	GlobalSection(NestedProjects) = preSolution
		{1CD7C750-143B-4BDC-90DE-4E9764DD61CC} = {1970950A-26ED-61B3-631F-AB926C02EC8A}
		{4F158D3A-CBE2-4069-813D-5B36D1278923} = {1970950A-26ED-61B3-631F-AB926C02EC8A}
	EndGlobalSection
EndGlobal
