
Microsoft Visual Studio Solution File, Format Version 12.00
# Visual Studio 2013
VisualStudioVersion = 12.0.31101.0
MinimumVisualStudioVersion = 10.0.40219.1
Project("{FAE04EC0-301F-11D3-BF4B-00C04F79EFBC}") = "nSNMP", "nSNMP\nSNMP.csproj", "{45588599-0A0C-4D51-B4F3-3C8B7DFA59B5}"
EndProject
Project("{FAE04EC0-301F-11D3-BF4B-00C04F79EFBC}") = "nSNMP.MIB", "nMIB\nSNMP.MIB.csproj", "{E5370993-6350-4675-9245-F22E3988242B}"
EndProject
Project("{FAE04EC0-301F-11D3-BF4B-00C04F79EFBC}") = "nSNMP.SMI", "nSNMP.SMI\nSNMP.SMI.csproj", "{B4BB1DB7-0FE6-493B-B4E7-827ED8066AA1}"
EndProject
Project("{FAE04EC0-301F-11D3-BF4B-00C04F79EFBC}") = "nSNMP.Tests", "nSNMP.Tests\nSNMP.Tests.csproj", "{55F22260-9978-46E6-8177-06287596CA00}"
EndProject
Global
	GlobalSection(SolutionConfigurationPlatforms) = preSolution
		Debug|Any CPU = Debug|Any CPU
		Release|Any CPU = Release|Any CPU
	EndGlobalSection
	GlobalSection(ProjectConfigurationPlatforms) = postSolution
		{45588599-0A0C-4D51-B4F3-3C8B7DFA59B5}.Debug|Any CPU.ActiveCfg = Debug|Any CPU
		{45588599-0A0C-4D51-B4F3-3C8B7DFA59B5}.Debug|Any CPU.Build.0 = Debug|Any CPU
		{45588599-0A0C-4D51-B4F3-3C8B7DFA59B5}.Release|Any CPU.ActiveCfg = Release|Any CPU
		{45588599-0A0C-4D51-B4F3-3C8B7DFA59B5}.Release|Any CPU.Build.0 = Release|Any CPU
		{E5370993-6350-4675-9245-F22E3988242B}.Debug|Any CPU.ActiveCfg = Debug|Any CPU
		{E5370993-6350-4675-9245-F22E3988242B}.Debug|Any CPU.Build.0 = Debug|Any CPU
		{E5370993-6350-4675-9245-F22E3988242B}.Release|Any CPU.ActiveCfg = Release|Any CPU
		{E5370993-6350-4675-9245-F22E3988242B}.Release|Any CPU.Build.0 = Release|Any CPU
		{B4BB1DB7-0FE6-493B-B4E7-827ED8066AA1}.Debug|Any CPU.ActiveCfg = Debug|Any CPU
		{B4BB1DB7-0FE6-493B-B4E7-827ED8066AA1}.Debug|Any CPU.Build.0 = Debug|Any CPU
		{B4BB1DB7-0FE6-493B-B4E7-827ED8066AA1}.Release|Any CPU.ActiveCfg = Release|Any CPU
		{B4BB1DB7-0FE6-493B-B4E7-827ED8066AA1}.Release|Any CPU.Build.0 = Release|Any CPU
		{55F22260-9978-46E6-8177-06287596CA00}.Debug|Any CPU.ActiveCfg = Debug|Any CPU
		{55F22260-9978-46E6-8177-06287596CA00}.Debug|Any CPU.Build.0 = Debug|Any CPU
		{55F22260-9978-46E6-8177-06287596CA00}.Release|Any CPU.ActiveCfg = Release|Any CPU
		{55F22260-9978-46E6-8177-06287596CA00}.Release|Any CPU.Build.0 = Release|Any CPU
	EndGlobalSection
	GlobalSection(SolutionProperties) = preSolution
		HideSolutionNode = FALSE
	EndGlobalSection
EndGlobal
